github.com/go-sql-driver/mysql v1.4.1 h1:g24URVg0OFbNUTx9qqY1IRZ9D9z3iPyi5zKhQZpNwpA=
github.com/go-sql-driver/mysql v1.4.1/go.mod h1:zAC/RDZ24gD3HViQzih4MyKcchzm+sOG5ZlKdlhCg5w=
github.com/kisielk/sqlstruct v0.0.0-20150923205031-648daed35d49 h1:o/c0aWEP/m6n61xlYW2QP4t9424qlJOsxugn5Zds2Rg=
github.com/kisielk/sqlstruct v0.0.0-20150923205031-648daed35d49/go.mod h1:yyMNCyc/Ib3bDTKd379tNMpB/7/H5TjM2Y9QJ5THLbE=
